
Microsoft Visual Studio Solution File, Format Version 12.00
# Visual Studio 15
VisualStudioVersion = 15.0.28010.2026
MinimumVisualStudioVersion = 10.0.40219.1
Project("{9A19103F-16F7-4668-BE54-9A1E7A4F7556}") = "MicroService.Api", "MicroService.Api\MicroService.Api.csproj", "{1D762EB0-6DA2-4A78-88B2-45918E5C7336}"
EndProject
Project("{E24C65DC-7377-472B-9ABA-BC803B73C61A}") = "Terraform", "Terraform\", "{0A687DBE-5C1F-4961-94E5-64173F1943B7}"
	ProjectSection(WebsiteProperties) = preProject
		TargetFrameworkMoniker = ".NETFramework,Version%3Dv4.0"
		Debug.AspNetCompiler.VirtualPath = "/localhost_56068"
		Debug.AspNetCompiler.PhysicalPath = "Terraform\"
		Debug.AspNetCompiler.TargetPath = "PrecompiledWeb\localhost_56068\"
		Debug.AspNetCompiler.Updateable = "true"
		Debug.AspNetCompiler.ForceOverwrite = "true"
		Debug.AspNetCompiler.FixedNames = "false"
		Debug.AspNetCompiler.Debug = "True"
		Release.AspNetCompiler.VirtualPath = "/localhost_56068"
		Release.AspNetCompiler.PhysicalPath = "Terraform\"
		Release.AspNetCompiler.TargetPath = "PrecompiledWeb\localhost_56068\"
		Release.AspNetCompiler.Updateable = "true"
		Release.AspNetCompiler.ForceOverwrite = "true"
		Release.AspNetCompiler.FixedNames = "false"
		Release.AspNetCompiler.Debug = "False"
		VWDPort = "56068"
		SlnRelativePath = "Terraform\"
	EndProjectSection
EndProject
Project("{2150E333-8FDC-42A3-9474-1A3956D46DE8}") = "Solution Items", "Solution Items", "{F91985BB-5712-4189-AE23-06CB9D10DE79}"
	ProjectSection(SolutionItems) = preProject
		.dockerignore = .dockerignore
		.gitignore = .gitignore
		README.md = README.md
		ServicePrincipal.txt = ServicePrincipal.txt
	EndProjectSection
EndProject
Global
	GlobalSection(SolutionConfigurationPlatforms) = preSolution
		Debug|Any CPU = Debug|Any CPU
		Release|Any CPU = Release|Any CPU
	EndGlobalSection
	GlobalSection(ProjectConfigurationPlatforms) = postSolution
		{1D762EB0-6DA2-4A78-88B2-45918E5C7336}.Debug|Any CPU.ActiveCfg = Debug|Any CPU
		{1D762EB0-6DA2-4A78-88B2-45918E5C7336}.Debug|Any CPU.Build.0 = Debug|Any CPU
		{1D762EB0-6DA2-4A78-88B2-45918E5C7336}.Release|Any CPU.ActiveCfg = Release|Any CPU
		{1D762EB0-6DA2-4A78-88B2-45918E5C7336}.Release|Any CPU.Build.0 = Release|Any CPU
		{0A687DBE-5C1F-4961-94E5-64173F1943B7}.Debug|Any CPU.ActiveCfg = Debug|Any CPU
		{0A687DBE-5C1F-4961-94E5-64173F1943B7}.Debug|Any CPU.Build.0 = Debug|Any CPU
		{0A687DBE-5C1F-4961-94E5-64173F1943B7}.Release|Any CPU.ActiveCfg = Debug|Any CPU
		{0A687DBE-5C1F-4961-94E5-64173F1943B7}.Release|Any CPU.Build.0 = Debug|Any CPU
	EndGlobalSection
	GlobalSection(SolutionProperties) = preSolution
		HideSolutionNode = FALSE
	EndGlobalSection
	GlobalSection(ExtensibilityGlobals) = postSolution
		SolutionGuid = {C14ADF83-4E26-41A2-AB7A-B01551ABF6B5}
	EndGlobalSection
EndGlobal
